
Microsoft Visual Studio Solution File, Format Version 12.00
# Visual Studio 14
VisualStudioVersion = 14.0.25123.0
MinimumVisualStudioVersion = 10.0.40219.1
Project("{2150E333-8FDC-42A3-9474-1A3956D46DE8}") = "src", "src", "{E0125D92-1955-4FFF-81E5-A1402BFB0AA2}"
EndProject
Project("{2150E333-8FDC-42A3-9474-1A3956D46DE8}") = "Solution Items", "Solution Items", "{8979FBDB-B21E-4F1C-A2AE-FDE451682509}"
	ProjectSection(SolutionItems) = preProject
		global.json = global.json
	EndProjectSection
EndProject
Project("{8BB2217D-0F2D-49D1-97BC-3654ED321F3B}") = "Conference", "src\confapifinal\Conference.xproj", "{5C2CB418-FC23-463F-9752-7F65A0A7EE3B}"
EndProject
Global
	GlobalSection(SolutionConfigurationPlatforms) = preSolution
		Debug|Any CPU = Debug|Any CPU
		Release|Any CPU = Release|Any CPU
	EndGlobalSection
	GlobalSection(ProjectConfigurationPlatforms) = postSolution
		{5C2CB418-FC23-463F-9752-7F65A0A7EE3B}.Debug|Any CPU.ActiveCfg = Debug|Any CPU
		{5C2CB418-FC23-463F-9752-7F65A0A7EE3B}.Debug|Any CPU.Build.0 = Debug|Any CPU
		{5C2CB418-FC23-463F-9752-7F65A0A7EE3B}.Release|Any CPU.ActiveCfg = Release|Any CPU
		{5C2CB418-FC23-463F-9752-7F65A0A7EE3B}.Release|Any CPU.Build.0 = Release|Any CPU
	EndGlobalSection
	GlobalSection(SolutionProperties) = preSolution
		HideSolutionNode = FALSE
	EndGlobalSection
EndGlobal
